
Microsoft Visual Studio Solution File, Format Version 12.00
# Visual Studio Version 17
VisualStudioVersion = 17.10.35122.118
MinimumVisualStudioVersion = 10.0.40219.1
Project("{FAE04EC0-301F-11D3-BF4B-00C04F79EFBC}") = "ShopOnline.Api", "ShopOnline.Api\ShopOnline.Api.csproj", "{3342B13F-BB19-4BFA-82A7-827F62B01CBF}"
EndProject
Project("{FAE04EC0-301F-11D3-BF4B-00C04F79EFBC}") = "ShopOnline.Web", "..\ShopOnline.Web\ShopOnline.Web.csproj", "{D105D234-04BC-44B5-B12A-B728A23A283C}"
EndProject
Project("{FAE04EC0-301F-11D3-BF4B-00C04F79EFBC}") = "ShopOnline.Models", "..\ShopOnline.Models\ShopOnline.Models.csproj", "{69ECFE2B-6BEB-4E62-A1B9-4C3E8CC14DD3}"
EndProject
Global
	GlobalSection(SolutionConfigurationPlatforms) = preSolution
		Debug|Any CPU = Debug|Any CPU
		Release|Any CPU = Release|Any CPU
	EndGlobalSection
	GlobalSection(ProjectConfigurationPlatforms) = postSolution
		{3342B13F-BB19-4BFA-82A7-827F62B01CBF}.Debug|Any CPU.ActiveCfg = Debug|Any CPU
		{3342B13F-BB19-4BFA-82A7-827F62B01CBF}.Debug|Any CPU.Build.0 = Debug|Any CPU
		{3342B13F-BB19-4BFA-82A7-827F62B01CBF}.Release|Any CPU.ActiveCfg = Release|Any CPU
		{3342B13F-BB19-4BFA-82A7-827F62B01CBF}.Release|Any CPU.Build.0 = Release|Any CPU
		{D105D234-04BC-44B5-B12A-B728A23A283C}.Debug|Any CPU.ActiveCfg = Debug|Any CPU
		{D105D234-04BC-44B5-B12A-B728A23A283C}.Debug|Any CPU.Build.0 = Debug|Any CPU
		{D105D234-04BC-44B5-B12A-B728A23A283C}.Release|Any CPU.ActiveCfg = Release|Any CPU
		{D105D234-04BC-44B5-B12A-B728A23A283C}.Release|Any CPU.Build.0 = Release|Any CPU
		{69ECFE2B-6BEB-4E62-A1B9-4C3E8CC14DD3}.Debug|Any CPU.ActiveCfg = Debug|Any CPU
		{69ECFE2B-6BEB-4E62-A1B9-4C3E8CC14DD3}.Debug|Any CPU.Build.0 = Debug|Any CPU
		{69ECFE2B-6BEB-4E62-A1B9-4C3E8CC14DD3}.Release|Any CPU.ActiveCfg = Release|Any CPU
		{69ECFE2B-6BEB-4E62-A1B9-4C3E8CC14DD3}.Release|Any CPU.Build.0 = Release|Any CPU
	EndGlobalSection
	GlobalSection(SolutionProperties) = preSolution
		HideSolutionNode = FALSE
	EndGlobalSection
	GlobalSection(ExtensibilityGlobals) = postSolution
		SolutionGuid = {75BCB7A0-2DB5-4045-A2AB-8726360F3217}
	EndGlobalSection
EndGlobal
